{
  "version": 2,
  "dependencies": {
    "net10.0": {
      "Microsoft.AspNetCore.OpenApi": {
        "type": "Direct",
        "requested": "[10.0.2, )",
        "resolved": "10.0.2",
        "contentHash": "YuEjUNpsoZLs0I5ONt013Z+Udsz3f9sPUh1Xm59LN7+/Z8oVG/swCUYLBbANtfreiunWnoT2uk+5kst4s2jr3Q==",
        "dependencies": {
          "Microsoft.OpenApi": "2.0.0"
        }
      },
      "Swashbuckle.AspNetCore": {
        "type": "Direct",
        "requested": "[10.1.0, )",
        "resolved": "10.1.0",
        "contentHash": "CvOffaJKStoP0hdfCIX4V/9wuwRkSOJd+PehGo/Y5ALh0WYliLwuMlyh1BbgG7uQtJNe1k5P7QIhIaFfZ/aJAw==",
        "dependencies": {
          "Microsoft.Extensions.ApiDescription.Server": "10.0.0",
          "Swashbuckle.AspNetCore.Swagger": "10.1.0",
          "Swashbuckle.AspNetCore.SwaggerGen": "10.1.0",
          "Swashbuckle.AspNetCore.SwaggerUI": "10.1.0"
        }
      },
      "FluentValidation": {
        "type": "Transitive",
        "resolved": "12.1.1",
        "contentHash": "EPpkIe1yh1a0OXyC100oOA8WMbZvqUu5plwhvYcb7oSELfyUZzfxV48BLhvs3kKo4NwG7MGLNgy1RJiYtT8Dpw=="
      },
      "Microsoft.EntityFrameworkCore.Abstractions": {
        "type": "Transitive",
        "resolved": "10.0.2",
        "contentHash": "BzAwIU5mYeOmnKbEXrkwx7feW2V+zUTrK/kRonSib94tjvc0/iRj2a4N6YGXRhTNjaFP3tvCMIDaX1vIFF6dkg=="
      },
      "Microsoft.EntityFrameworkCore.Analyzers": {
        "type": "Transitive",
        "resolved": "10.0.2",
        "contentHash": "5C8aKN2HFhXfLhkrVvQ6yH990nw35pS7HNnwdBc628zIREaKJ4/rkdCXzxOdZo/SnCT3Kg7a/CqnhlzuJhlD4Q=="
      },
      "Microsoft.EntityFrameworkCore.Relational": {
        "type": "Transitive",
        "resolved": "10.0.2",
        "contentHash": "1fUeyNmqDNfMogJ2ut7OKO57/WGjjkHMYeX51SpA3PwP7ftbx8g/Z3fbErD+1q14DILrqJfsszYsYhGssBRfDg==",
        "dependencies": {
          "Microsoft.EntityFrameworkCore": "10.0.2"
        }
      },
      "Microsoft.Extensions.ApiDescription.Server": {
        "type": "Transitive",
        "resolved": "10.0.0",
        "contentHash": "NCWCGiwRwje8773yzPQhvucYnnfeR+ZoB1VRIrIMp4uaeUNw7jvEPHij3HIbwCDuNCrNcphA00KSAR9yD9qmbg=="
      },
      "Microsoft.OpenApi": {
        "type": "Transitive",
        "resolved": "2.3.0",
        "contentHash": "5RZpjyt0JMmoc/aEgY9c1vE5pusdDGvkPl9qKIy9KFbRiIXD+w7gBJxX+unSjzzOcfgRoYxnO4okZyqDAL2WEw=="
      },
      "Swashbuckle.AspNetCore.Swagger": {
        "type": "Transitive",
        "resolved": "10.1.0",
        "contentHash": "9Kp35Jhkzw73UXnvgGWVgRjvfGx5h1V4fdL9JcPZMKoTyO/bnKD/1i86n8u2p+rVTDed0cDSH4PKbX4WicZ/gg==",
        "dependencies": {
          "Microsoft.OpenApi": "2.3.0"
        }
      },
      "Swashbuckle.AspNetCore.SwaggerGen": {
        "type": "Transitive",
        "resolved": "10.1.0",
        "contentHash": "XV2gyKmjWs5K5QaSq9rNYtO/E7vr/RcyBkMbbCVUlUtI5OY0HKj260Wee9zsJ7scJf7kPCxeseBiUMRp67ZWxA==",
        "dependencies": {
          "Swashbuckle.AspNetCore.Swagger": "10.1.0"
        }
      },
      "Swashbuckle.AspNetCore.SwaggerUI": {
        "type": "Transitive",
        "resolved": "10.1.0",
        "contentHash": "ilUsTvGA9hO1ulR7ibdWMWSg3438Iu+pDFcEYUorp+/ClHwaHFdpp/ATfBsFXv2sIRVDbQlEwd5BWBOdMdtKCA=="
      },
      "astronautcms.modules.users.api": {
        "type": "Project",
        "dependencies": {
          "AstronautCms.Modules.Users.Infrastructure": "[1.0.0, )"
        }
      },
      "astronautcms.modules.users.core": {
        "type": "Project",
        "dependencies": {
          "AstronautCms.Shared.Infrastructure": "[1.0.0, )"
        }
      },
      "astronautcms.modules.users.infrastructure": {
        "type": "Project",
        "dependencies": {
          "AstronautCms.Modules.Users.Core": "[1.0.0, )",
          "AstronautCms.Shared.Infrastructure": "[1.0.0, )",
          "Microsoft.AspNetCore.Identity.EntityFrameworkCore": "[10.0.2, )"
        }
      },
      "astronautcms.shared.abstract": {
        "type": "Project",
        "dependencies": {
          "FluentValidation.DependencyInjectionExtensions": "[12.1.1, )",
          "Mediator.Abstractions": "[3.0.1, )"
        }
      },
      "astronautcms.shared.infrastructure": {
        "type": "Project",
        "dependencies": {
          "AstronautCms.Shared.Abstract": "[1.0.0, )",
          "Microsoft.EntityFrameworkCore": "[10.0.2, )",
          "Npgsql": "[10.0.1, )",
          "Npgsql.EntityFrameworkCore.PostgreSQL": "[10.0.0, )"
        }
      },
      "FluentValidation.DependencyInjectionExtensions": {
        "type": "CentralTransitive",
        "requested": "[12.1.1, )",
        "resolved": "12.1.1",
        "contentHash": "D0VXh4dtjjX2aQizuaa0g6R8X3U1JaVqJPfGCvLwZX9t/O2h7tkpbitbadQMfwcgSPdDbI2vDxuwRMv/Uf9dHA==",
        "dependencies": {
          "FluentValidation": "12.1.1"
        }
      },
      "Mediator.Abstractions": {
        "type": "CentralTransitive",
        "requested": "[3.0.1, )",
        "resolved": "3.0.1",
        "contentHash": "WLWp7S7pt818wsK2IiFwGwvUhwq0E/7F0LkglDQKx+4rSzRWVKD3CHtaCi1fpeURH+v44ZPxaRVBCNV7uWOBYQ=="
      },
      "Microsoft.AspNetCore.Identity.EntityFrameworkCore": {
        "type": "CentralTransitive",
        "requested": "[10.0.2, )",
        "resolved": "10.0.2",
        "contentHash": "+RJnRYpfkDBzFykHfIWsyOmFcAgAUMVNtmXvEuEmhlK4q1exOS9LQN7SW6kSfzITj+ysBwEBMVx5oiOTGQmMeQ==",
        "dependencies": {
          "Microsoft.EntityFrameworkCore.Relational": "10.0.2"
        }
      },
      "Microsoft.EntityFrameworkCore": {
        "type": "CentralTransitive",
        "requested": "[10.0.2, )",
        "resolved": "10.0.2",
        "contentHash": "d3+XKbLSHPCu3vwpXECoXcFbvGKmAhEeUmc1xy2czmuPnEF7rZN2HP5ZGMwCMbAKk4B01+nS4HixSMo2Vf/Y9g==",
        "dependencies": {
          "Microsoft.EntityFrameworkCore.Abstractions": "10.0.2",
          "Microsoft.EntityFrameworkCore.Analyzers": "10.0.2"
        }
      },
      "Npgsql": {
        "type": "CentralTransitive",
        "requested": "[10.0.1, )",
        "resolved": "10.0.1",
        "contentHash": "XyUcxEfqlFomhNTG/ZdGlec+uSOQArKz0Mzz8jYKP/Jj9GM2YabU5CVZtp0yiC4f9hRp+tRZTnHMatJeJ3rwgw=="
      },
      "Npgsql.EntityFrameworkCore.PostgreSQL": {
        "type": "CentralTransitive",
        "requested": "[10.0.0, )",
        "resolved": "10.0.0",
        "contentHash": "E2+uSWxSB8LdsUVwPaqRWOcGOP92biry2JEwc0KJMdLJF+aZdczeIdEXVwEyv4nSVMQJH0o8tLhyAMiR6VF0lw==",
        "dependencies": {
          "Microsoft.EntityFrameworkCore": "[10.0.0, 11.0.0)",
          "Microsoft.EntityFrameworkCore.Relational": "[10.0.0, 11.0.0)",
          "Npgsql": "10.0.0"
        }
      }
    }
  }
}